{
  "originHash" : "34bcf5b5351cb612cf1c925974dbdf1f458db53e4825ff694ae44a75088b3e15",
  "pins" : [
    {
      "identity" : "sdwebimage",
      "kind" : "remoteSourceControl",
      "location" : "https://github.com/SDWebImage/SDWebImage",
      "state" : {
        "revision" : "cac9a55a3ae92478a2c95042dcc8d9695d2129ca",
        "version" : "5.21.0"
      }
    },
    {
      "identity" : "tmdbnetworkmanager",
      "kind" : "remoteSourceControl",
      "location" : "https://github.com/kozakbalint/TmdbNetworkManager",
      "state" : {
        "branch" : "main",
        "revision" : "cff4cdf2c47bb4ab44aa1096675e28280334c236"
      }
    }
  ],
  "version" : 3
}
